
Microsoft Visual Studio Solution File, Format Version 12.00
# Visual Studio Version 18
VisualStudioVersion = 18.5.11801.241 oobstable
MinimumVisualStudioVersion = 10.0.40219.1
Project("{FAE04EC0-301F-11D3-BF4B-00C04F79EFBC}") = "EnecaDataGrid", "EnecaDataGrid.csproj", "{5E80C926-9975-4C11-B807-05F0B026C7BE}"
EndProject
Project("{FAE04EC0-301F-11D3-BF4B-00C04F79EFBC}") = "EnecaUI3", "..\windows-library-ui\EnecaUI3\EnecaUI3.csproj", "{EFEFF55A-641C-1D79-D05D-15D23DFDEEEF}"
EndProject
Global
	GlobalSection(SolutionConfigurationPlatforms) = preSolution
		Debug|Any CPU = Debug|Any CPU
		Release|Any CPU = Release|Any CPU
	EndGlobalSection
	GlobalSection(ProjectConfigurationPlatforms) = postSolution
		{5E80C926-9975-4C11-B807-05F0B026C7BE}.Debug|Any CPU.ActiveCfg = Debug|Any CPU
		{5E80C926-9975-4C11-B807-05F0B026C7BE}.Debug|Any CPU.Build.0 = Debug|Any CPU
		{5E80C926-9975-4C11-B807-05F0B026C7BE}.Release|Any CPU.ActiveCfg = Release|Any CPU
		{5E80C926-9975-4C11-B807-05F0B026C7BE}.Release|Any CPU.Build.0 = Release|Any CPU
		{EFEFF55A-641C-1D79-D05D-15D23DFDEEEF}.Debug|Any CPU.ActiveCfg = Debug|Any CPU
		{EFEFF55A-641C-1D79-D05D-15D23DFDEEEF}.Debug|Any CPU.Build.0 = Debug|Any CPU
		{EFEFF55A-641C-1D79-D05D-15D23DFDEEEF}.Release|Any CPU.ActiveCfg = Release|Any CPU
		{EFEFF55A-641C-1D79-D05D-15D23DFDEEEF}.Release|Any CPU.Build.0 = Release|Any CPU
	EndGlobalSection
	GlobalSection(SolutionProperties) = preSolution
		HideSolutionNode = FALSE
	EndGlobalSection
	GlobalSection(ExtensibilityGlobals) = postSolution
		SolutionGuid = {5DD95621-69D9-494B-934E-6A145DE6D3F5}
	EndGlobalSection
EndGlobal
